
Microsoft Visual Studio Solution File, Format Version 12.00
# Visual Studio Version 17
VisualStudioVersion = 17.3.32901.215
MinimumVisualStudioVersion = 10.0.40219.1
Project("{FAE04EC0-301F-11D3-BF4B-00C04F79EFBC}") = "radyobuton4islem", "radyobuton4islem\radyobuton4islem.csproj", "{B16E1172-98AA-4DC3-A383-C96875CA1BD3}"
EndProject
Global
	GlobalSection(SolutionConfigurationPlatforms) = preSolution
		Debug|Any CPU = Debug|Any CPU
		Release|Any CPU = Release|Any CPU
	EndGlobalSection
	GlobalSection(ProjectConfigurationPlatforms) = postSolution
		{B16E1172-98AA-4DC3-A383-C96875CA1BD3}.Debug|Any CPU.ActiveCfg = Debug|Any CPU
		{B16E1172-98AA-4DC3-A383-C96875CA1BD3}.Debug|Any CPU.Build.0 = Debug|Any CPU
		{B16E1172-98AA-4DC3-A383-C96875CA1BD3}.Release|Any CPU.ActiveCfg = Release|Any CPU
		{B16E1172-98AA-4DC3-A383-C96875CA1BD3}.Release|Any CPU.Build.0 = Release|Any CPU
	EndGlobalSection
	GlobalSection(SolutionProperties) = preSolution
		HideSolutionNode = FALSE
	EndGlobalSection
	GlobalSection(ExtensibilityGlobals) = postSolution
		SolutionGuid = {6F166173-9C23-4ACF-973A-BB17231D52EB}
	EndGlobalSection
EndGlobal
